// !$*UTF8*$!
{
	archiveVersion = 1;
	classes = {
	};
	objectVersion = 46;
	objects = {

/* Begin PBXBuildFile section */
		EBA955671EC637A600DB6460 /* AppDelegate.swift in Sources */ = {isa = PBXBuildFile; fileRef = EBA955661EC637A600DB6460 /* AppDelegate.swift */; };
		EBA955691EC637A600DB6460 /* ViewController.swift in Sources */ = {isa = PBXBuildFile; fileRef = EBA955681EC637A600DB6460 /* ViewController.swift */; };
		EBA9556C1EC637A600DB6460 /* Main.storyboard in Resources */ = {isa = PBXBuildFile; fileRef = EBA9556A1EC637A600DB6460 /* Main.storyboard */; };
		EBA9556F1EC637A600DB6460 /* TicTacToe.xcdatamodeld in Sources */ = {isa = PBXBuildFile; fileRef = EBA9556D1EC637A600DB6460 /* TicTacToe.xcdatamodeld */; };
		EBA955711EC637A600DB6460 /* Assets.xcassets in Resources */ = {isa = PBXBuildFile; fileRef = EBA955701EC637A600DB6460 /* Assets.xcassets */; };
		EBA955741EC637A600DB6460 /* LaunchScreen.storyboard in Resources */ = {isa = PBXBuildFile; fileRef = EBA955721EC637A600DB6460 /* LaunchScreen.storyboard */; };
		EBA9557F1EC639CB00DB6460 /* Board.png in Resources */ = {isa = PBXBuildFile; fileRef = EBA9557C1EC639CB00DB6460 /* Board.png */; };
		EBA955821EC6441C00DB6460 /* X dough.jpeg in Resources */ = {isa = PBXBuildFile; fileRef = EBA955811EC6441C00DB6460 /* X dough.jpeg */; };
		EBA955841EC6442400DB6460 /* donut O.jpeg in Resources */ = {isa = PBXBuildFile; fileRef = EBA955831EC6442400DB6460 /* donut O.jpeg */; };
		EBA955881EC66CE600DB6460 /* Bakery.png in Resources */ = {isa = PBXBuildFile; fileRef = EBA955871EC66CE600DB6460 /* Bakery.png */; };
		EBA9558A1EC66D7600DB6460 /* pin2.jpg in Resources */ = {isa = PBXBuildFile; fileRef = EBA955891EC66D7600DB6460 /* pin2.jpg */; };
/* End PBXBuildFile section */

/* Begin PBXFileReference section */
		EBA955631EC637A600DB6460 /* TicTacToe.app */ = {isa = PBXFileReference; explicitFileType = wrapper.application; includeInIndex = 0; path = TicTacToe.app; sourceTree = BUILT_PRODUCTS_DIR; };
		EBA955661EC637A600DB6460 /* AppDelegate.swift */ = {isa = PBXFileReference; lastKnownFileType = sourcecode.swift; path = AppDelegate.swift; sourceTree = "<group>"; };
		EBA955681EC637A600DB6460 /* ViewController.swift */ = {isa = PBXFileReference; lastKnownFileType = sourcecode.swift; path = ViewController.swift; sourceTree = "<group>"; };
		EBA9556B1EC637A600DB6460 /* Base */ = {isa = PBXFileReference; lastKnownFileType = file.storyboard; name = Base; path = Base.lproj/Main.storyboard; sourceTree = "<group>"; };
		EBA9556E1EC637A600DB6460 /* TicTacToe.xcdatamodel */ = {isa = PBXFileReference; lastKnownFileType = wrapper.xcdatamodel; path = TicTacToe.xcdatamodel; sourceTree = "<group>"; };
		EBA955701EC637A600DB6460 /* Assets.xcassets */ = {isa = PBXFileReference; lastKnownFileType = folder.assetcatalog; path = Assets.xcassets; sourceTree = "<group>"; };
		EBA955731EC637A600DB6460 /* Base */ = {isa = PBXFileReference; lastKnownFileType = file.storyboard; name = Base; path = Base.lproj/LaunchScreen.storyboard; sourceTree = "<group>"; };
		EBA955751EC637A600DB6460 /* Info.plist */ = {isa = PBXFileReference; lastKnownFileType = text.plist.xml; path = Info.plist; sourceTree = "<group>"; };
		EBA9557C1EC639CB00DB6460 /* Board.png */ = {isa = PBXFileReference; lastKnownFileType = image.png; path = Board.png; sourceTree = "<group>"; };
		EBA955811EC6441C00DB6460 /* X dough.jpeg */ = {isa = PBXFileReference; lastKnownFileType = image.jpeg; path = "X dough.jpeg"; sourceTree = "<group>"; };
		EBA955831EC6442400DB6460 /* donut O.jpeg */ = {isa = PBXFileReference; lastKnownFileType = image.jpeg; path = "donut O.jpeg"; sourceTree = "<group>"; };
		EBA955871EC66CE600DB6460 /* Bakery.png */ = {isa = PBXFileReference; lastKnownFileType = image.png; path = Bakery.png; sourceTree = "<group>"; };
		EBA955891EC66D7600DB6460 /* pin2.jpg */ = {isa = PBXFileReference; lastKnownFileType = image.jpeg; path = pin2.jpg; sourceTree = "<group>"; };
/* End PBXFileReference section */

/* Begin PBXFrameworksBuildPhase section */
		EBA955601EC637A600DB6460 /* Frameworks */ = {
			isa = PBXFrameworksBuildPhase;
			buildActionMask = 2147483647;
			files = (
			);
			runOnlyForDeploymentPostprocessing = 0;
		};
/* End PBXFrameworksBuildPhase section */

/* Begin PBXGroup section */
		EBA9555A1EC637A600DB6460 = {
			isa = PBXGroup;
			children = (
				EBA955651EC637A600DB6460 /* TicTacToe */,
				EBA955641EC637A600DB6460 /* Products */,
			);
			sourceTree = "<group>";
		};
		EBA955641EC637A600DB6460 /* Products */ = {
			isa = PBXGroup;
			children = (
				EBA955631EC637A600DB6460 /* TicTacToe.app */,
			);
			name = Products;
			sourceTree = "<group>";
		};
		EBA955651EC637A600DB6460 /* TicTacToe */ = {
			isa = PBXGroup;
			children = (
				EBA955661EC637A600DB6460 /* AppDelegate.swift */,
				EBA955681EC637A600DB6460 /* ViewController.swift */,
				EBA9557C1EC639CB00DB6460 /* Board.png */,
				EBA955871EC66CE600DB6460 /* Bakery.png */,
				EBA955891EC66D7600DB6460 /* pin2.jpg */,
				EBA955831EC6442400DB6460 /* donut O.jpeg */,
				EBA955811EC6441C00DB6460 /* X dough.jpeg */,
				EBA9556A1EC637A600DB6460 /* Main.storyboard */,
				EBA955701EC637A600DB6460 /* Assets.xcassets */,
				EBA955721EC637A600DB6460 /* LaunchScreen.storyboard */,
				EBA955751EC637A600DB6460 /* Info.plist */,
				EBA9556D1EC637A600DB6460 /* TicTacToe.xcdatamodeld */,
			);
			path = TicTacToe;
			sourceTree = "<group>";
		};
/* End PBXGroup section */

/* Begin PBXNativeTarget section */
		EBA955621EC637A600DB6460 /* TicTacToe */ = {
			isa = PBXNativeTarget;
			buildConfigurationList = EBA955781EC637A600DB6460 /* Build configuration list for PBXNativeTarget "TicTacToe" */;
			buildPhases = (
				EBA9555F1EC637A600DB6460 /* Sources */,
				EBA955601EC637A600DB6460 /* Frameworks */,
				EBA955611EC637A600DB6460 /* Resources */,
			);
			buildRules = (
			);
			dependencies = (
			);
			name = TicTacToe;
			productName = TicTacToe;
			productReference = EBA955631EC637A600DB6460 /* TicTacToe.app */;
			productType = "com.apple.product-type.application";
		};
/* End PBXNativeTarget section */

/* Begin PBXProject section */
		EBA9555B1EC637A600DB6460 /* Project object */ = {
			isa = PBXProject;
			attributes = {
				LastSwiftUpdateCheck = 0820;
				LastUpgradeCheck = 0820;
				ORGANIZATIONNAME = "Dave Ciachin";
				TargetAttributes = {
					EBA955621EC637A600DB6460 = {
						CreatedOnToolsVersion = 8.2.1;
						DevelopmentTeam = ZM67UKV9FX;
						ProvisioningStyle = Automatic;
					};
				};
			};
			buildConfigurationList = EBA9555E1EC637A600DB6460 /* Build configuration list for PBXProject "TicTacToe" */;
			compatibilityVersion = "Xcode 3.2";
			developmentRegion = English;
			hasScannedForEncodings = 0;
			knownRegions = (
				en,
				Base,
			);
			mainGroup = EBA9555A1EC637A600DB6460;
			productRefGroup = EBA955641EC637A600DB6460 /* Products */;
			projectDirPath = "";
			projectRoot = "";
			targets = (
				EBA955621EC637A600DB6460 /* TicTacToe */,
			);
		};
/* End PBXProject section */

/* Begin PBXResourcesBuildPhase section */
		EBA955611EC637A600DB6460 /* Resources */ = {
			isa = PBXResourcesBuildPhase;
			buildActionMask = 2147483647;
			files = (
				EBA9558A1EC66D7600DB6460 /* pin2.jpg in Resources */,
				EBA955821EC6441C00DB6460 /* X dough.jpeg in Resources */,
				EBA955841EC6442400DB6460 /* donut O.jpeg in Resources */,
				EBA9557F1EC639CB00DB6460 /* Board.png in Resources */,
				EBA955881EC66CE600DB6460 /* Bakery.png in Resources */,
				EBA955741EC637A600DB6460 /* LaunchScreen.storyboard in Resources */,
				EBA955711EC637A600DB6460 /* Assets.xcassets in Resources */,
				EBA9556C1EC637A600DB6460 /* Main.storyboard in Resources */,
			);
			runOnlyForDeploymentPostprocessing = 0;
		};
/* End PBXResourcesBuildPhase section */

/* Begin PBXSourcesBuildPhase section */
		EBA9555F1EC637A600DB6460 /* Sources */ = {
			isa = PBXSourcesBuildPhase;
			buildActionMask = 2147483647;
			files = (
				EBA9556F1EC637A600DB6460 /* TicTacToe.xcdatamodeld in Sources */,
				EBA955691EC637A600DB6460 /* ViewController.swift in Sources */,
				EBA955671EC637A600DB6460 /* AppDelegate.swift in Sources */,
			);
			runOnlyForDeploymentPostprocessing = 0;
		};
/* End PBXSourcesBuildPhase section */

/* Begin PBXVariantGroup section */
		EBA9556A1EC637A600DB6460 /* Main.storyboard */ = {
			isa = PBXVariantGroup;
			children = (
				EBA9556B1EC637A600DB6460 /* Base */,
			);
			name = Main.storyboard;
			sourceTree = "<group>";
		};
		EBA955721EC637A600DB6460 /* LaunchScreen.storyboard */ = {
			isa = PBXVariantGroup;
			children = (
				EBA955731EC637A600DB6460 /* Base */,
			);
			name = LaunchScreen.storyboard;
			sourceTree = "<group>";
		};
/* End PBXVariantGroup section */

/* Begin XCBuildConfiguration section */
		EBA955761EC637A600DB6460 /* Debug */ = {
			isa = XCBuildConfiguration;
			buildSettings = {
				ALWAYS_SEARCH_USER_PATHS = NO;
				CLANG_ANALYZER_NONNULL = YES;
				CLANG_CXX_LANGUAGE_STANDARD = "gnu++0x";
				CLANG_CXX_LIBRARY = "libc++";
				CLANG_ENABLE_MODULES = YES;
				CLANG_ENABLE_OBJC_ARC = YES;
				CLANG_WARN_BOOL_CONVERSION = YES;
				CLANG_WARN_CONSTANT_CONVERSION = YES;
				CLANG_WARN_DIRECT_OBJC_ISA_USAGE = YES_ERROR;
				CLANG_WARN_DOCUMENTATION_COMMENTS = YES;
				CLANG_WARN_EMPTY_BODY = YES;
				CLANG_WARN_ENUM_CONVERSION = YES;
				CLANG_WARN_INFINITE_RECURSION = YES;
				CLANG_WARN_INT_CONVERSION = YES;
				CLANG_WARN_OBJC_ROOT_CLASS = YES_ERROR;
				CLANG_WARN_SUSPICIOUS_MOVE = YES;
				CLANG_WARN_UNREACHABLE_CODE = YES;
				CLANG_WARN__DUPLICATE_METHOD_MATCH = YES;
				"CODE_SIGN_IDENTITY[sdk=iphoneos*]" = "iPhone Developer";
				COPY_PHASE_STRIP = NO;
				DEBUG_INFORMATION_FORMAT = dwarf;
				ENABLE_STRICT_OBJC_MSGSEND = YES;
				ENABLE_TESTABILITY = YES;
				GCC_C_LANGUAGE_STANDARD = gnu99;
				GCC_DYNAMIC_NO_PIC = NO;
				GCC_NO_COMMON_BLOCKS = YES;
				GCC_OPTIMIZATION_LEVEL = 0;
				GCC_PREPROCESSOR_DEFINITIONS = (
					"DEBUG=1",
					"$(inherited)",
				);
				GCC_WARN_64_TO_32_BIT_CONVERSION = YES;
				GCC_WARN_ABOUT_RETURN_TYPE = YES_ERROR;
				GCC_WARN_UNDECLARED_SELECTOR = YES;
				GCC_WARN_UNINITIALIZED_AUTOS = YES_AGGRESSIVE;
				GCC_WARN_UNUSED_FUNCTION = YES;
				GCC_WARN_UNUSED_VARIABLE = YES;
				IPHONEOS_DEPLOYMENT_TARGET = 10.2;
				MTL_ENABLE_DEBUG_INFO = YES;
				ONLY_ACTIVE_ARCH = YES;
				SDKROOT = iphoneos;
				SWIFT_ACTIVE_COMPILATION_CONDITIONS = DEBUG;
				SWIFT_OPTIMIZATION_LEVEL = "-Onone";
			};
			name = Debug;
		};
		EBA955771EC637A600DB6460 /* Release */ = {
			isa = XCBuildConfiguration;
			buildSettings = {
				ALWAYS_SEARCH_USER_PATHS = NO;
				CLANG_ANALYZER_NONNULL = YES;
				CLANG_CXX_LANGUAGE_STANDARD = "gnu++0x";
				CLANG_CXX_LIBRARY = "libc++";
				CLANG_ENABLE_MODULES = YES;
				CLANG_ENABLE_OBJC_ARC = YES;
				CLANG_WARN_BOOL_CONVERSION = YES;
				CLANG_WARN_CONSTANT_CONVERSION = YES;
				CLANG_WARN_DIRECT_OBJC_ISA_USAGE = YES_ERROR;
				CLANG_WARN_DOCUMENTATION_COMMENTS = YES;
				CLANG_WARN_EMPTY_BODY = YES;
				CLANG_WARN_ENUM_CONVERSION = YES;
				CLANG_WARN_INFINITE_RECURSION = YES;
				CLANG_WARN_INT_CONVERSION = YES;
				CLANG_WARN_OBJC_ROOT_CLASS = YES_ERROR;
				CLANG_WARN_SUSPICIOUS_MOVE = YES;
				CLANG_WARN_UNREACHABLE_CODE = YES;
				CLANG_WARN__DUPLICATE_METHOD_MATCH = YES;
				"CODE_SIGN_IDENTITY[sdk=iphoneos*]" = "iPhone Developer";
				COPY_PHASE_STRIP = NO;
				DEBUG_INFORMATION_FORMAT = "dwarf-with-dsym";
				ENABLE_NS_ASSERTIONS = NO;
				ENABLE_STRICT_OBJC_MSGSEND = YES;
				GCC_C_LANGUAGE_STANDARD = gnu99;
				GCC_NO_COMMON_BLOCKS = YES;
				GCC_WARN_64_TO_32_BIT_CONVERSION = YES;
				GCC_WARN_ABOUT_RETURN_TYPE = YES_ERROR;
				GCC_WARN_UNDECLARED_SELECTOR = YES;
				GCC_WARN_UNINITIALIZED_AUTOS = YES_AGGRESSIVE;
				GCC_WARN_UNUSED_FUNCTION = YES;
				GCC_WARN_UNUSED_VARIABLE = YES;
				IPHONEOS_DEPLOYMENT_TARGET = 10.2;
				MTL_ENABLE_DEBUG_INFO = NO;
				SDKROOT = iphoneos;
				SWIFT_OPTIMIZATION_LEVEL = "-Owholemodule";
				VALIDATE_PRODUCT = YES;
			};
			name = Release;
		};
		EBA955791EC637A600DB6460 /* Debug */ = {
			isa = XCBuildConfiguration;
			buildSettings = {
				ASSETCATALOG_COMPILER_APPICON_NAME = AppIcon;
				DEVELOPMENT_TEAM = ZM67UKV9FX;
				INFOPLIST_FILE = TicTacToe/Info.plist;
				LD_RUNPATH_SEARCH_PATHS = "$(inherited) @executable_path/Frameworks";
				PRODUCT_BUNDLE_IDENTIFIER = cs.sunyulster.edu.TicTacToe;
				PRODUCT_NAME = "$(TARGET_NAME)";
				SWIFT_VERSION = 3.0;
			};
			name = Debug;
		};
		EBA9557A1EC637A600DB6460 /* Release */ = {
			isa = XCBuildConfiguration;
			buildSettings = {
				ASSETCATALOG_COMPILER_APPICON_NAME = AppIcon;
				DEVELOPMENT_TEAM = ZM67UKV9FX;
				INFOPLIST_FILE = TicTacToe/Info.plist;
				LD_RUNPATH_SEARCH_PATHS = "$(inherited) @executable_path/Frameworks";
				PRODUCT_BUNDLE_IDENTIFIER = cs.sunyulster.edu.TicTacToe;
				PRODUCT_NAME = "$(TARGET_NAME)";
				SWIFT_VERSION = 3.0;
			};
			name = Release;
		};
/* End XCBuildConfiguration section */

/* Begin XCConfigurationList section */
		EBA9555E1EC637A600DB6460 /* Build configuration list for PBXProject "TicTacToe" */ = {
			isa = XCConfigurationList;
			buildConfigurations = (
				EBA955761EC637A600DB6460 /* Debug */,
				EBA955771EC637A600DB6460 /* Release */,
			);
			defaultConfigurationIsVisible = 0;
			defaultConfigurationName = Release;
		};
		EBA955781EC637A600DB6460 /* Build configuration list for PBXNativeTarget "TicTacToe" */ = {
			isa = XCConfigurationList;
			buildConfigurations = (
				EBA955791EC637A600DB6460 /* Debug */,
				EBA9557A1EC637A600DB6460 /* Release */,
			);
			defaultConfigurationIsVisible = 0;
		};
/* End XCConfigurationList section */

/* Begin XCVersionGroup section */
		EBA9556D1EC637A600DB6460 /* TicTacToe.xcdatamodeld */ = {
			isa = XCVersionGroup;
			children = (
				EBA9556E1EC637A600DB6460 /* TicTacToe.xcdatamodel */,
			);
			currentVersion = EBA9556E1EC637A600DB6460 /* TicTacToe.xcdatamodel */;
			path = TicTacToe.xcdatamodeld;
			sourceTree = "<group>";
			versionGroupType = wrapper.xcdatamodel;
		};
/* End XCVersionGroup section */
	};
	rootObject = EBA9555B1EC637A600DB6460 /* Project object */;
}
